<?xml version="1.0" encoding="utf-8"?>
<Project ToolsVersion="4.0" xmlns="http://schemas.microsoft.com/developer/msbuild/2003">
  <ItemGroup>
    <Filter Include="Header">
      <UniqueIdentifier>{93995380-89BD-4b04-88EB-625FBE52EBFB}</UniqueIdentifier>
      <Extensions>h;hh;hpp;hxx;hm;inl;inc;ipp;xsd</Extensions>
    </Filter>
    <Filter Include="Source">
      <UniqueIdentifier>{4FC737F1-C7A5-4376-A066-2A32D752A2FF}</UniqueIdentifier>
      <Extensions>cpp;c;cc;cxx;def;odl;idl;hpj;bat;asm;asmx</Extensions>
    </Filter>
    <Filter Include="Source\Renderer">
      <UniqueIdentifier>{9279e8f2-89ab-44a1-9436-d163bcda636d}</UniqueIdentifier>
    </Filter>
    <Filter Include="Header\Renderer">
      <UniqueIdentifier>{9ca3f9dc-a6de-4427-85a5-22f8914640b4}</UniqueIdentifier>
    </Filter>
    <Filter Include="Source\Shader">
      <UniqueIdentifier>{01cfdeaa-b13b-458f-b606-9d8773442bd7}</UniqueIdentifier>
    </Filter>
  </ItemGroup>
  <ItemGroup>
    <ClCompile Include="..\..\Sources\Graphics\GeometryGenerator.cpp">
      <Filter>Source</Filter>
    </ClCompile>
    <ClCompile Include="..\..\Sources\Graphics\Graphics.cpp">
      <Filter>Source</Filter>
    </ClCompile>
    <ClCompile Include="..\..\Sources\Graphics\Shader.cpp">
      <Filter>Source</Filter>
    </ClCompile>
    <ClCompile Include="..\..\Sources\Graphics\Texture.cpp">
      <Filter>Source</Filter>
    </ClCompile>
    <ClCompile Include="..\..\Sources\Graphics\Buffer.cpp">
      <Filter>Source</Filter>
    </ClCompile>
    <ClCompile Include="..\..\Sources\Graphics\Geometry.cpp">
      <Filter>Source</Filter>
    </ClCompile>
    <ClCompile Include="..\..\Sources\Graphics\ImguiManager.cpp">
      <Filter>Source</Filter>
    </ClCompile>
    <ClCompile Include="..\..\Sources\Graphics\ShadowRenderer.cpp">
      <Filter>Source\Renderer</Filter>
    </ClCompile>
    <ClCompile Include="..\..\Sources\Graphics\TileRenderer.cpp">
      <Filter>Source\Renderer</Filter>
    </ClCompile>
  </ItemGroup>
  <ItemGroup>
    <ClInclude Include="..\..\Sources\Graphics\Buffer.h">
      <Filter>Header</Filter>
    </ClInclude>
    <ClInclude Include="..\..\Sources\Graphics\GeometryGenerator.h">
      <Filter>Header</Filter>
    </ClInclude>
    <ClInclude Include="..\..\Sources\Graphics\Graphics.h">
      <Filter>Header</Filter>
    </ClInclude>
    <ClInclude Include="..\..\Sources\Graphics\Shader.h">
      <Filter>Header</Filter>
    </ClInclude>
    <ClInclude Include="..\..\Sources\Graphics\Texture.h">
      <Filter>Header</Filter>
    </ClInclude>
    <ClInclude Include="..\..\Sources\Graphics\Geometry.h">
      <Filter>Header</Filter>
    </ClInclude>
    <ClInclude Include="..\..\Sources\Graphics\ConstantBuffer.h">
      <Filter>Header</Filter>
    </ClInclude>
    <ClInclude Include="..\..\Sources\Graphics\ImguiManager.h">
      <Filter>Header</Filter>
    </ClInclude>
    <ClInclude Include="..\..\Sources\Graphics\ShadowRenderer.h">
      <Filter>Header\Renderer</Filter>
    </ClInclude>
    <ClInclude Include="..\..\Sources\Graphics\TileRenderer.h">
      <Filter>Header\Renderer</Filter>
    </ClInclude>
  </ItemGroup>
  <ItemGroup>
    <FxCompile Include="..\..\Sources\Graphics\Shaders\TileForward_cs.hlsl">
      <Filter>Source\Shader</Filter>
    </FxCompile>
    <FxCompile Include="..\..\Sources\Graphics\Shaders\2D.hlsl">
      <Filter>Source\Shader</Filter>
    </FxCompile>
    <FxCompile Include="..\..\Sources\Graphics\Shaders\Texture.hlsl">
      <Filter>Source\Shader</Filter>
    </FxCompile>
    <FxCompile Include="..\..\Sources\Graphics\Shaders\ShadowMap.hlsl">
      <Filter>Source\Shader</Filter>
    </FxCompile>
    <FxCompile Include="..\..\Sources\Graphics\Shaders\Object.hlsl">
      <Filter>Source\Shader</Filter>
    </FxCompile>
  </ItemGroup>
  <ItemGroup>
    <None Include="..\..\Sources\Graphics\Shaders\LightBuffer.hlsli">
      <Filter>Source\Shader</Filter>
    </None>
    <None Include="..\..\Sources\Graphics\Shaders\NormalDepth.hlsli">
      <Filter>Source\Shader</Filter>
    </None>
  </ItemGroup>
</Project>