<?xml version="1.0" encoding="utf-8"?>
<Project ToolsVersion="4.0" xmlns="http://schemas.microsoft.com/developer/msbuild/2003">
  <ItemGroup>
    <Filter Include="Header">
      <UniqueIdentifier>{93995380-89BD-4b04-88EB-625FBE52EBFB}</UniqueIdentifier>
      <Extensions>h;hh;hpp;hxx;hm;inl;inc;ipp;xsd</Extensions>
    </Filter>
    <Filter Include="Source">
      <UniqueIdentifier>{4FC737F1-C7A5-4376-A066-2A32D752A2FF}</UniqueIdentifier>
      <Extensions>cpp;c;cc;cxx;def;odl;idl;hpj;bat;asm;asmx</Extensions>
    </Filter>
    <Filter Include="Source\Scenes">
      <UniqueIdentifier>{4c3aac81-c93a-4b37-bf20-0aee7f2b738d}</UniqueIdentifier>
    </Filter>
    <Filter Include="Header\Scenes">
      <UniqueIdentifier>{dcf4b593-b5de-4398-a197-d5f130640554}</UniqueIdentifier>
    </Filter>
    <Filter Include="Source\Entity">
      <UniqueIdentifier>{54955853-1f7c-409c-b344-0451ead7441a}</UniqueIdentifier>
    </Filter>
    <Filter Include="Header\Entity">
      <UniqueIdentifier>{1ecf18a6-ae04-426e-8f9c-e3251c20bab9}</UniqueIdentifier>
    </Filter>
    <Filter Include="Header\Component">
      <UniqueIdentifier>{a97a4c38-df08-47ba-bdb0-a8e96a1d3a5e}</UniqueIdentifier>
    </Filter>
    <Filter Include="Source\Component">
      <UniqueIdentifier>{dba80d5b-a5b0-4c7b-b299-cc23f2114dc9}</UniqueIdentifier>
    </Filter>
    <Filter Include="Header\Live2D">
      <UniqueIdentifier>{59e03534-5b38-4435-8db6-78d2a0b9b16e}</UniqueIdentifier>
    </Filter>
    <Filter Include="Source\Live2D">
      <UniqueIdentifier>{cfd1a455-a5a0-4d5d-95d7-a85e9c34e4f6}</UniqueIdentifier>
    </Filter>
  </ItemGroup>
  <ItemGroup>
    <ClCompile Include="..\..\Sources\Game\BaseSystem.cpp">
      <Filter>Source</Filter>
    </ClCompile>
    <ClCompile Include="..\..\Sources\Game\EntryPoint.cpp">
      <Filter>Source</Filter>
    </ClCompile>
    <ClCompile Include="..\..\Sources\Game\GameManager.cpp">
      <Filter>Source</Filter>
    </ClCompile>
    <ClCompile Include="..\..\Sources\Game\Camera.cpp">
      <Filter>Source</Filter>
    </ClCompile>
    <ClCompile Include="..\..\Sources\Game\Scenes\BaseScene.cpp">
      <Filter>Source\Scenes</Filter>
    </ClCompile>
    <ClCompile Include="..\..\Sources\Game\Scenes\MainGameScene.cpp">
      <Filter>Source\Scenes</Filter>
    </ClCompile>
    <ClCompile Include="..\..\Sources\Game\Entity\GroundField.cpp">
      <Filter>Source\Entity</Filter>
    </ClCompile>
    <ClCompile Include="..\..\Sources\Game\Entity\BackGround.cpp">
      <Filter>Source\Entity</Filter>
    </ClCompile>
    <ClCompile Include="..\..\Sources\Game\Entity\Player3D.cpp">
      <Filter>Source\Entity</Filter>
    </ClCompile>
    <ClCompile Include="..\..\Sources\Game\Scenes\TitleScene.cpp">
      <Filter>Source\Scenes</Filter>
    </ClCompile>
    <ClCompile Include="..\..\Sources\Game\Scenes\GameOverScene.cpp">
      <Filter>Source\Scenes</Filter>
    </ClCompile>
    <ClCompile Include="..\..\Sources\Game\Component\Collider.cpp">
      <Filter>Source\Component</Filter>
    </ClCompile>
    <ClCompile Include="..\..\Sources\Game\Component\Renderer.cpp">
      <Filter>Source\Component</Filter>
    </ClCompile>
    <ClCompile Include="..\..\Sources\Game\Live2D\Live2DModel.cpp">
      <Filter>Source\Live2D</Filter>
    </ClCompile>
    <ClCompile Include="..\..\Sources\Game\Live2D\Live2DManager.cpp">
      <Filter>Source\Live2D</Filter>
    </ClCompile>
    <ClCompile Include="..\..\Sources\Game\Entity\UI.cpp">
      <Filter>Source\Entity</Filter>
    </ClCompile>
    <ClCompile Include="..\..\Sources\Game\ImguiManager.cpp">
      <Filter>Source</Filter>
    </ClCompile>
  </ItemGroup>
  <ItemGroup>
    <ClInclude Include="..\..\Sources\Game\BaseSystem.h">
      <Filter>Header</Filter>
    </ClInclude>
    <ClInclude Include="..\..\Sources\Game\GameManager.h">
      <Filter>Header</Filter>
    </ClInclude>
    <ClInclude Include="..\..\Sources\Game\Camera.h">
      <Filter>Header</Filter>
    </ClInclude>
    <ClInclude Include="..\..\Sources\Game\Light.h">
      <Filter>Header</Filter>
    </ClInclude>
    <ClInclude Include="..\..\Sources\Game\Scenes\MainGameScene.h">
      <Filter>Header\Scenes</Filter>
    </ClInclude>
    <ClInclude Include="..\..\Sources\Game\Scenes\BaseScene.h">
      <Filter>Header\Scenes</Filter>
    </ClInclude>
    <ClInclude Include="..\..\Sources\Game\Entity\GroundField.h">
      <Filter>Header\Entity</Filter>
    </ClInclude>
    <ClInclude Include="..\..\Sources\Game\SceneManager.h">
      <Filter>Header</Filter>
    </ClInclude>
    <ClInclude Include="..\..\Sources\Game\Entity\BackGround.h">
      <Filter>Header\Entity</Filter>
    </ClInclude>
    <ClInclude Include="..\..\Sources\Game\Scenes\TitleScene.h">
      <Filter>Header\Scenes</Filter>
    </ClInclude>
    <ClInclude Include="..\..\Sources\Game\Entity\Player3D.h">
      <Filter>Header\Entity</Filter>
    </ClInclude>
    <ClInclude Include="..\..\Sources\Game\Scenes\GameOverScene.h">
      <Filter>Header\Scenes</Filter>
    </ClInclude>
    <ClInclude Include="..\..\Sources\Game\Component\Collider.h">
      <Filter>Header\Component</Filter>
    </ClInclude>
    <ClInclude Include="..\..\Sources\Game\Component\Renderer.h">
      <Filter>Header\Component</Filter>
    </ClInclude>
    <ClInclude Include="..\..\Sources\Game\Live2D\Live2DManager.h">
      <Filter>Header\Live2D</Filter>
    </ClInclude>
    <ClInclude Include="..\..\Sources\Game\Live2D\Live2DModel.h">
      <Filter>Header\Live2D</Filter>
    </ClInclude>
    <ClInclude Include="..\..\Sources\Game\Entity\UI.h">
      <Filter>Header\Entity</Filter>
    </ClInclude>
    <ClInclude Include="..\..\Sources\Game\ImguiManager.h">
      <Filter>Header</Filter>
    </ClInclude>
  </ItemGroup>
</Project>